// !$*UTF8*$!
{
	archiveVersion = 1;
	classes = {
	};
	objectVersion = 55;
	objects = {

/* Begin PBXBuildFile section */
		C96715EA281887AF00322A7B /* AppDelegate.swift in Sources */ = {isa = PBXBuildFile; fileRef = C96715E9281887AF00322A7B /* AppDelegate.swift */; };
		C96715EC281887AF00322A7B /* SceneDelegate.swift in Sources */ = {isa = PBXBuildFile; fileRef = C96715EB281887AF00322A7B /* SceneDelegate.swift */; };
		C96715EE281887AF00322A7B /* PokemonViewController.swift in Sources */ = {isa = PBXBuildFile; fileRef = C96715ED281887AF00322A7B /* PokemonViewController.swift */; };
		C96715F1281887AF00322A7B /* Main.storyboard in Resources */ = {isa = PBXBuildFile; fileRef = C96715EF281887AF00322A7B /* Main.storyboard */; };
		C96715F3281887B100322A7B /* Assets.xcassets in Resources */ = {isa = PBXBuildFile; fileRef = C96715F2281887B100322A7B /* Assets.xcassets */; };
		C96715F6281887B100322A7B /* LaunchScreen.storyboard in Resources */ = {isa = PBXBuildFile; fileRef = C96715F4281887B100322A7B /* LaunchScreen.storyboard */; };
		C967160428188A2C00322A7B /* Pokemon.swift in Sources */ = {isa = PBXBuildFile; fileRef = C967160328188A2C00322A7B /* Pokemon.swift */; };
		C967160628188B6000322A7B /* PokemonController.swift in Sources */ = {isa = PBXBuildFile; fileRef = C967160528188B6000322A7B /* PokemonController.swift */; };
		C967160928188C6800322A7B /* PokemonError.swift in Sources */ = {isa = PBXBuildFile; fileRef = C967160828188C6800322A7B /* PokemonError.swift */; };
		C967160B2818955D00322A7B /* UIViewControllerExtension.swift in Sources */ = {isa = PBXBuildFile; fileRef = C967160A2818955D00322A7B /* UIViewControllerExtension.swift */; };
/* End PBXBuildFile section */

/* Begin PBXFileReference section */
		C96715E6281887AF00322A7B /* PokedexiOS.app */ = {isa = PBXFileReference; explicitFileType = wrapper.application; includeInIndex = 0; path = PokedexiOS.app; sourceTree = BUILT_PRODUCTS_DIR; };
		C96715E9281887AF00322A7B /* AppDelegate.swift */ = {isa = PBXFileReference; lastKnownFileType = sourcecode.swift; path = AppDelegate.swift; sourceTree = "<group>"; };
		C96715EB281887AF00322A7B /* SceneDelegate.swift */ = {isa = PBXFileReference; lastKnownFileType = sourcecode.swift; path = SceneDelegate.swift; sourceTree = "<group>"; };
		C96715ED281887AF00322A7B /* PokemonViewController.swift */ = {isa = PBXFileReference; lastKnownFileType = sourcecode.swift; path = PokemonViewController.swift; sourceTree = "<group>"; };
		C96715F0281887AF00322A7B /* Base */ = {isa = PBXFileReference; lastKnownFileType = file.storyboard; name = Base; path = Base.lproj/Main.storyboard; sourceTree = "<group>"; };
		C96715F2281887B100322A7B /* Assets.xcassets */ = {isa = PBXFileReference; lastKnownFileType = folder.assetcatalog; path = Assets.xcassets; sourceTree = "<group>"; };
		C96715F5281887B100322A7B /* Base */ = {isa = PBXFileReference; lastKnownFileType = file.storyboard; name = Base; path = Base.lproj/LaunchScreen.storyboard; sourceTree = "<group>"; };
		C96715F7281887B100322A7B /* Info.plist */ = {isa = PBXFileReference; lastKnownFileType = text.plist.xml; path = Info.plist; sourceTree = "<group>"; };
		C967160328188A2C00322A7B /* Pokemon.swift */ = {isa = PBXFileReference; lastKnownFileType = sourcecode.swift; path = Pokemon.swift; sourceTree = "<group>"; };
		C967160528188B6000322A7B /* PokemonController.swift */ = {isa = PBXFileReference; lastKnownFileType = sourcecode.swift; path = PokemonController.swift; sourceTree = "<group>"; };
		C967160828188C6800322A7B /* PokemonError.swift */ = {isa = PBXFileReference; lastKnownFileType = sourcecode.swift; path = PokemonError.swift; sourceTree = "<group>"; };
		C967160A2818955D00322A7B /* UIViewControllerExtension.swift */ = {isa = PBXFileReference; lastKnownFileType = sourcecode.swift; path = UIViewControllerExtension.swift; sourceTree = "<group>"; };
/* End PBXFileReference section */

/* Begin PBXFrameworksBuildPhase section */
		C96715E3281887AF00322A7B /* Frameworks */ = {
			isa = PBXFrameworksBuildPhase;
			buildActionMask = 2147483647;
			files = (
			);
			runOnlyForDeploymentPostprocessing = 0;
		};
/* End PBXFrameworksBuildPhase section */

/* Begin PBXGroup section */
		C96715DD281887AF00322A7B = {
			isa = PBXGroup;
			children = (
				C96715E8281887AF00322A7B /* PokedexiOS */,
				C96715E7281887AF00322A7B /* Products */,
			);
			sourceTree = "<group>";
		};
		C96715E7281887AF00322A7B /* Products */ = {
			isa = PBXGroup;
			children = (
				C96715E6281887AF00322A7B /* PokedexiOS.app */,
			);
			name = Products;
			sourceTree = "<group>";
		};
		C96715E8281887AF00322A7B /* PokedexiOS */ = {
			isa = PBXGroup;
			children = (
				C96716022818880500322A7B /* Models */,
				C96715FF281887ED00322A7B /* Controllers */,
				C96715FE281887E500322A7B /* Views */,
				C967160728188C5800322A7B /* Helpers */,
				C96715FD281887C300322A7B /* SupportingFiles */,
			);
			path = PokedexiOS;
			sourceTree = "<group>";
		};
		C96715FD281887C300322A7B /* SupportingFiles */ = {
			isa = PBXGroup;
			children = (
				C96715E9281887AF00322A7B /* AppDelegate.swift */,
				C96715EB281887AF00322A7B /* SceneDelegate.swift */,
				C96715F2281887B100322A7B /* Assets.xcassets */,
				C96715F7281887B100322A7B /* Info.plist */,
			);
			path = SupportingFiles;
			sourceTree = "<group>";
		};
		C96715FE281887E500322A7B /* Views */ = {
			isa = PBXGroup;
			children = (
				C96715EF281887AF00322A7B /* Main.storyboard */,
				C96715F4281887B100322A7B /* LaunchScreen.storyboard */,
			);
			path = Views;
			sourceTree = "<group>";
		};
		C96715FF281887ED00322A7B /* Controllers */ = {
			isa = PBXGroup;
			children = (
				C9671601281887FD00322A7B /* ModelControllers */,
				C9671600281887F800322A7B /* ViewControllers */,
			);
			path = Controllers;
			sourceTree = "<group>";
		};
		C9671600281887F800322A7B /* ViewControllers */ = {
			isa = PBXGroup;
			children = (
				C96715ED281887AF00322A7B /* PokemonViewController.swift */,
			);
			path = ViewControllers;
			sourceTree = "<group>";
		};
		C9671601281887FD00322A7B /* ModelControllers */ = {
			isa = PBXGroup;
			children = (
				C967160528188B6000322A7B /* PokemonController.swift */,
			);
			path = ModelControllers;
			sourceTree = "<group>";
		};
		C96716022818880500322A7B /* Models */ = {
			isa = PBXGroup;
			children = (
				C967160328188A2C00322A7B /* Pokemon.swift */,
			);
			path = Models;
			sourceTree = "<group>";
		};
		C967160728188C5800322A7B /* Helpers */ = {
			isa = PBXGroup;
			children = (
				C967160828188C6800322A7B /* PokemonError.swift */,
				C967160A2818955D00322A7B /* UIViewControllerExtension.swift */,
			);
			path = Helpers;
			sourceTree = "<group>";
		};
/* End PBXGroup section */

/* Begin PBXNativeTarget section */
		C96715E5281887AF00322A7B /* PokedexiOS */ = {
			isa = PBXNativeTarget;
			buildConfigurationList = C96715FA281887B100322A7B /* Build configuration list for PBXNativeTarget "PokedexiOS" */;
			buildPhases = (
				C96715E2281887AF00322A7B /* Sources */,
				C96715E3281887AF00322A7B /* Frameworks */,
				C96715E4281887AF00322A7B /* Resources */,
			);
			buildRules = (
			);
			dependencies = (
			);
			name = PokedexiOS;
			productName = PokedexiOS;
			productReference = C96715E6281887AF00322A7B /* PokedexiOS.app */;
			productType = "com.apple.product-type.application";
		};
/* End PBXNativeTarget section */

/* Begin PBXProject section */
		C96715DE281887AF00322A7B /* Project object */ = {
			isa = PBXProject;
			attributes = {
				BuildIndependentTargetsInParallel = 1;
				LastSwiftUpdateCheck = 1330;
				LastUpgradeCheck = 1330;
				TargetAttributes = {
					C96715E5281887AF00322A7B = {
						CreatedOnToolsVersion = 13.3.1;
					};
				};
			};
			buildConfigurationList = C96715E1281887AF00322A7B /* Build configuration list for PBXProject "PokedexiOS" */;
			compatibilityVersion = "Xcode 13.0";
			developmentRegion = en;
			hasScannedForEncodings = 0;
			knownRegions = (
				en,
				Base,
			);
			mainGroup = C96715DD281887AF00322A7B;
			productRefGroup = C96715E7281887AF00322A7B /* Products */;
			projectDirPath = "";
			projectRoot = "";
			targets = (
				C96715E5281887AF00322A7B /* PokedexiOS */,
			);
		};
/* End PBXProject section */

/* Begin PBXResourcesBuildPhase section */
		C96715E4281887AF00322A7B /* Resources */ = {
			isa = PBXResourcesBuildPhase;
			buildActionMask = 2147483647;
			files = (
				C96715F6281887B100322A7B /* LaunchScreen.storyboard in Resources */,
				C96715F3281887B100322A7B /* Assets.xcassets in Resources */,
				C96715F1281887AF00322A7B /* Main.storyboard in Resources */,
			);
			runOnlyForDeploymentPostprocessing = 0;
		};
/* End PBXResourcesBuildPhase section */

/* Begin PBXSourcesBuildPhase section */
		C96715E2281887AF00322A7B /* Sources */ = {
			isa = PBXSourcesBuildPhase;
			buildActionMask = 2147483647;
			files = (
				C96715EE281887AF00322A7B /* PokemonViewController.swift in Sources */,
				C967160428188A2C00322A7B /* Pokemon.swift in Sources */,
				C96715EA281887AF00322A7B /* AppDelegate.swift in Sources */,
				C96715EC281887AF00322A7B /* SceneDelegate.swift in Sources */,
				C967160928188C6800322A7B /* PokemonError.swift in Sources */,
				C967160B2818955D00322A7B /* UIViewControllerExtension.swift in Sources */,
				C967160628188B6000322A7B /* PokemonController.swift in Sources */,
			);
			runOnlyForDeploymentPostprocessing = 0;
		};
/* End PBXSourcesBuildPhase section */

/* Begin PBXVariantGroup section */
		C96715EF281887AF00322A7B /* Main.storyboard */ = {
			isa = PBXVariantGroup;
			children = (
				C96715F0281887AF00322A7B /* Base */,
			);
			name = Main.storyboard;
			sourceTree = "<group>";
		};
		C96715F4281887B100322A7B /* LaunchScreen.storyboard */ = {
			isa = PBXVariantGroup;
			children = (
				C96715F5281887B100322A7B /* Base */,
			);
			name = LaunchScreen.storyboard;
			sourceTree = "<group>";
		};
/* End PBXVariantGroup section */

/* Begin XCBuildConfiguration section */
		C96715F8281887B100322A7B /* Debug */ = {
			isa = XCBuildConfiguration;
			buildSettings = {
				ALWAYS_SEARCH_USER_PATHS = NO;
				CLANG_ANALYZER_NONNULL = YES;
				CLANG_ANALYZER_NUMBER_OBJECT_CONVERSION = YES_AGGRESSIVE;
				CLANG_CXX_LANGUAGE_STANDARD = "gnu++17";
				CLANG_ENABLE_MODULES = YES;
				CLANG_ENABLE_OBJC_ARC = YES;
				CLANG_ENABLE_OBJC_WEAK = YES;
				CLANG_WARN_BLOCK_CAPTURE_AUTORELEASING = YES;
				CLANG_WARN_BOOL_CONVERSION = YES;
				CLANG_WARN_COMMA = YES;
				CLANG_WARN_CONSTANT_CONVERSION = YES;
				CLANG_WARN_DEPRECATED_OBJC_IMPLEMENTATIONS = YES;
				CLANG_WARN_DIRECT_OBJC_ISA_USAGE = YES_ERROR;
				CLANG_WARN_DOCUMENTATION_COMMENTS = YES;
				CLANG_WARN_EMPTY_BODY = YES;
				CLANG_WARN_ENUM_CONVERSION = YES;
				CLANG_WARN_INFINITE_RECURSION = YES;
				CLANG_WARN_INT_CONVERSION = YES;
				CLANG_WARN_NON_LITERAL_NULL_CONVERSION = YES;
				CLANG_WARN_OBJC_IMPLICIT_RETAIN_SELF = YES;
				CLANG_WARN_OBJC_LITERAL_CONVERSION = YES;
				CLANG_WARN_OBJC_ROOT_CLASS = YES_ERROR;
				CLANG_WARN_QUOTED_INCLUDE_IN_FRAMEWORK_HEADER = YES;
				CLANG_WARN_RANGE_LOOP_ANALYSIS = YES;
				CLANG_WARN_STRICT_PROTOTYPES = YES;
				CLANG_WARN_SUSPICIOUS_MOVE = YES;
				CLANG_WARN_UNGUARDED_AVAILABILITY = YES_AGGRESSIVE;
				CLANG_WARN_UNREACHABLE_CODE = YES;
				CLANG_WARN__DUPLICATE_METHOD_MATCH = YES;
				COPY_PHASE_STRIP = NO;
				DEBUG_INFORMATION_FORMAT = dwarf;
				ENABLE_STRICT_OBJC_MSGSEND = YES;
				ENABLE_TESTABILITY = YES;
				GCC_C_LANGUAGE_STANDARD = gnu11;
				GCC_DYNAMIC_NO_PIC = NO;
				GCC_NO_COMMON_BLOCKS = YES;
				GCC_OPTIMIZATION_LEVEL = 0;
				GCC_PREPROCESSOR_DEFINITIONS = (
					"DEBUG=1",
					"$(inherited)",
				);
				GCC_WARN_64_TO_32_BIT_CONVERSION = YES;
				GCC_WARN_ABOUT_RETURN_TYPE = YES_ERROR;
				GCC_WARN_UNDECLARED_SELECTOR = YES;
				GCC_WARN_UNINITIALIZED_AUTOS = YES_AGGRESSIVE;
				GCC_WARN_UNUSED_FUNCTION = YES;
				GCC_WARN_UNUSED_VARIABLE = YES;
				IPHONEOS_DEPLOYMENT_TARGET = 15.4;
				MTL_ENABLE_DEBUG_INFO = INCLUDE_SOURCE;
				MTL_FAST_MATH = YES;
				ONLY_ACTIVE_ARCH = YES;
				SDKROOT = iphoneos;
				SWIFT_ACTIVE_COMPILATION_CONDITIONS = DEBUG;
				SWIFT_OPTIMIZATION_LEVEL = "-Onone";
			};
			name = Debug;
		};
		C96715F9281887B100322A7B /* Release */ = {
			isa = XCBuildConfiguration;
			buildSettings = {
				ALWAYS_SEARCH_USER_PATHS = NO;
				CLANG_ANALYZER_NONNULL = YES;
				CLANG_ANALYZER_NUMBER_OBJECT_CONVERSION = YES_AGGRESSIVE;
				CLANG_CXX_LANGUAGE_STANDARD = "gnu++17";
				CLANG_ENABLE_MODULES = YES;
				CLANG_ENABLE_OBJC_ARC = YES;
				CLANG_ENABLE_OBJC_WEAK = YES;
				CLANG_WARN_BLOCK_CAPTURE_AUTORELEASING = YES;
				CLANG_WARN_BOOL_CONVERSION = YES;
				CLANG_WARN_COMMA = YES;
				CLANG_WARN_CONSTANT_CONVERSION = YES;
				CLANG_WARN_DEPRECATED_OBJC_IMPLEMENTATIONS = YES;
				CLANG_WARN_DIRECT_OBJC_ISA_USAGE = YES_ERROR;
				CLANG_WARN_DOCUMENTATION_COMMENTS = YES;
				CLANG_WARN_EMPTY_BODY = YES;
				CLANG_WARN_ENUM_CONVERSION = YES;
				CLANG_WARN_INFINITE_RECURSION = YES;
				CLANG_WARN_INT_CONVERSION = YES;
				CLANG_WARN_NON_LITERAL_NULL_CONVERSION = YES;
				CLANG_WARN_OBJC_IMPLICIT_RETAIN_SELF = YES;
				CLANG_WARN_OBJC_LITERAL_CONVERSION = YES;
				CLANG_WARN_OBJC_ROOT_CLASS = YES_ERROR;
				CLANG_WARN_QUOTED_INCLUDE_IN_FRAMEWORK_HEADER = YES;
				CLANG_WARN_RANGE_LOOP_ANALYSIS = YES;
				CLANG_WARN_STRICT_PROTOTYPES = YES;
				CLANG_WARN_SUSPICIOUS_MOVE = YES;
				CLANG_WARN_UNGUARDED_AVAILABILITY = YES_AGGRESSIVE;
				CLANG_WARN_UNREACHABLE_CODE = YES;
				CLANG_WARN__DUPLICATE_METHOD_MATCH = YES;
				COPY_PHASE_STRIP = NO;
				DEBUG_INFORMATION_FORMAT = "dwarf-with-dsym";
				ENABLE_NS_ASSERTIONS = NO;
				ENABLE_STRICT_OBJC_MSGSEND = YES;
				GCC_C_LANGUAGE_STANDARD = gnu11;
				GCC_NO_COMMON_BLOCKS = YES;
				GCC_WARN_64_TO_32_BIT_CONVERSION = YES;
				GCC_WARN_ABOUT_RETURN_TYPE = YES_ERROR;
				GCC_WARN_UNDECLARED_SELECTOR = YES;
				GCC_WARN_UNINITIALIZED_AUTOS = YES_AGGRESSIVE;
				GCC_WARN_UNUSED_FUNCTION = YES;
				GCC_WARN_UNUSED_VARIABLE = YES;
				IPHONEOS_DEPLOYMENT_TARGET = 15.4;
				MTL_ENABLE_DEBUG_INFO = NO;
				MTL_FAST_MATH = YES;
				SDKROOT = iphoneos;
				SWIFT_COMPILATION_MODE = wholemodule;
				SWIFT_OPTIMIZATION_LEVEL = "-O";
				VALIDATE_PRODUCT = YES;
			};
			name = Release;
		};
		C96715FB281887B100322A7B /* Debug */ = {
			isa = XCBuildConfiguration;
			buildSettings = {
				ASSETCATALOG_COMPILER_APPICON_NAME = AppIcon;
				ASSETCATALOG_COMPILER_GLOBAL_ACCENT_COLOR_NAME = AccentColor;
				CODE_SIGN_STYLE = Automatic;
				CURRENT_PROJECT_VERSION = 1;
				DEVELOPMENT_TEAM = ALTGSDSZNG;
				GENERATE_INFOPLIST_FILE = YES;
				INFOPLIST_FILE = PokedexiOS/SupportingFiles/Info.plist;
				INFOPLIST_KEY_UIApplicationSupportsIndirectInputEvents = YES;
				INFOPLIST_KEY_UILaunchStoryboardName = LaunchScreen;
				INFOPLIST_KEY_UIMainStoryboardFile = Main;
				INFOPLIST_KEY_UISupportedInterfaceOrientations_iPad = "UIInterfaceOrientationPortrait UIInterfaceOrientationPortraitUpsideDown UIInterfaceOrientationLandscapeLeft UIInterfaceOrientationLandscapeRight";
				INFOPLIST_KEY_UISupportedInterfaceOrientations_iPhone = "UIInterfaceOrientationPortrait UIInterfaceOrientationLandscapeLeft UIInterfaceOrientationLandscapeRight";
				LD_RUNPATH_SEARCH_PATHS = (
					"$(inherited)",
					"@executable_path/Frameworks",
				);
				MARKETING_VERSION = 1.0;
				PRODUCT_BUNDLE_IDENTIFIER = com.tasukuYamamoto.PokedexiOS;
				PRODUCT_NAME = "$(TARGET_NAME)";
				SWIFT_EMIT_LOC_STRINGS = YES;
				SWIFT_VERSION = 5.0;
				TARGETED_DEVICE_FAMILY = "1,2";
			};
			name = Debug;
		};
		C96715FC281887B100322A7B /* Release */ = {
			isa = XCBuildConfiguration;
			buildSettings = {
				ASSETCATALOG_COMPILER_APPICON_NAME = AppIcon;
				ASSETCATALOG_COMPILER_GLOBAL_ACCENT_COLOR_NAME = AccentColor;
				CODE_SIGN_STYLE = Automatic;
				CURRENT_PROJECT_VERSION = 1;
				DEVELOPMENT_TEAM = ALTGSDSZNG;
				GENERATE_INFOPLIST_FILE = YES;
				INFOPLIST_FILE = PokedexiOS/SupportingFiles/Info.plist;
				INFOPLIST_KEY_UIApplicationSupportsIndirectInputEvents = YES;
				INFOPLIST_KEY_UILaunchStoryboardName = LaunchScreen;
				INFOPLIST_KEY_UIMainStoryboardFile = Main;
				INFOPLIST_KEY_UISupportedInterfaceOrientations_iPad = "UIInterfaceOrientationPortrait UIInterfaceOrientationPortraitUpsideDown UIInterfaceOrientationLandscapeLeft UIInterfaceOrientationLandscapeRight";
				INFOPLIST_KEY_UISupportedInterfaceOrientations_iPhone = "UIInterfaceOrientationPortrait UIInterfaceOrientationLandscapeLeft UIInterfaceOrientationLandscapeRight";
				LD_RUNPATH_SEARCH_PATHS = (
					"$(inherited)",
					"@executable_path/Frameworks",
				);
				MARKETING_VERSION = 1.0;
				PRODUCT_BUNDLE_IDENTIFIER = com.tasukuYamamoto.PokedexiOS;
				PRODUCT_NAME = "$(TARGET_NAME)";
				SWIFT_EMIT_LOC_STRINGS = YES;
				SWIFT_VERSION = 5.0;
				TARGETED_DEVICE_FAMILY = "1,2";
			};
			name = Release;
		};
/* End XCBuildConfiguration section */

/* Begin XCConfigurationList section */
		C96715E1281887AF00322A7B /* Build configuration list for PBXProject "PokedexiOS" */ = {
			isa = XCConfigurationList;
			buildConfigurations = (
				C96715F8281887B100322A7B /* Debug */,
				C96715F9281887B100322A7B /* Release */,
			);
			defaultConfigurationIsVisible = 0;
			defaultConfigurationName = Release;
		};
		C96715FA281887B100322A7B /* Build configuration list for PBXNativeTarget "PokedexiOS" */ = {
			isa = XCConfigurationList;
			buildConfigurations = (
				C96715FB281887B100322A7B /* Debug */,
				C96715FC281887B100322A7B /* Release */,
			);
			defaultConfigurationIsVisible = 0;
			defaultConfigurationName = Release;
		};
/* End XCConfigurationList section */
	};
	rootObject = C96715DE281887AF00322A7B /* Project object */;
}
